// !$*UTF8*$!
{
	archiveVersion = 1;
	classes = {
	};
	objectVersion = 56;
	objects = {

/* Begin PBXBuildFile section */
		0B2FF9C62AA295ED006F2E74 /* RecipeCard.swift in Sources */ = {isa = PBXBuildFile; fileRef = 0B2FF9C52AA295ED006F2E74 /* RecipeCard.swift */; };
		0B2FF9C82AA29B77006F2E74 /* RecipeList.swift in Sources */ = {isa = PBXBuildFile; fileRef = 0B2FF9C72AA29B77006F2E74 /* RecipeList.swift */; };
		0B2FF9CC2AA92864006F2E74 /* AddRecipeView.swift in Sources */ = {isa = PBXBuildFile; fileRef = 0B2FF9CB2AA92864006F2E74 /* AddRecipeView.swift */; };
		0B2FF9CE2AA93758006F2E74 /* RecipesViewModel.swift in Sources */ = {isa = PBXBuildFile; fileRef = 0B2FF9CD2AA93758006F2E74 /* RecipesViewModel.swift */; };
		0B39F5E62A9ED1A7005E533A /* DolceKetoApp.swift in Sources */ = {isa = PBXBuildFile; fileRef = 0B39F5E52A9ED1A7005E533A /* DolceKetoApp.swift */; };
		0B39F5E82A9ED1A7005E533A /* ContentView.swift in Sources */ = {isa = PBXBuildFile; fileRef = 0B39F5E72A9ED1A7005E533A /* ContentView.swift */; };
		0B39F5EA2A9ED1A7005E533A /* Assets.xcassets in Resources */ = {isa = PBXBuildFile; fileRef = 0B39F5E92A9ED1A7005E533A /* Assets.xcassets */; };
		0B39F5ED2A9ED1A7005E533A /* Preview Assets.xcassets in Resources */ = {isa = PBXBuildFile; fileRef = 0B39F5EC2A9ED1A7005E533A /* Preview Assets.xcassets */; };
		0B39F5F72A9ED1A7005E533A /* DolceKetoTests.swift in Sources */ = {isa = PBXBuildFile; fileRef = 0B39F5F62A9ED1A7005E533A /* DolceKetoTests.swift */; };
		0B39F6012A9ED1A7005E533A /* DolceKetoUITests.swift in Sources */ = {isa = PBXBuildFile; fileRef = 0B39F6002A9ED1A7005E533A /* DolceKetoUITests.swift */; };
		0B39F6032A9ED1A7005E533A /* DolceKetoUITestsLaunchTests.swift in Sources */ = {isa = PBXBuildFile; fileRef = 0B39F6022A9ED1A7005E533A /* DolceKetoUITestsLaunchTests.swift */; };
		0B39F6132A9ED570005E533A /* Recipe.swift in Sources */ = {isa = PBXBuildFile; fileRef = 0B39F6122A9ED570005E533A /* Recipe.swift */; };
		0B39F6162AA00379005E533A /* TabBar.swift in Sources */ = {isa = PBXBuildFile; fileRef = 0B39F6152AA00379005E533A /* TabBar.swift */; };
		0B39F6182AA0044D005E533A /* HomeView.swift in Sources */ = {isa = PBXBuildFile; fileRef = 0B39F6172AA0044D005E533A /* HomeView.swift */; };
		0B39F61A2AA0045F005E533A /* FavoritesView.swift in Sources */ = {isa = PBXBuildFile; fileRef = 0B39F6192AA0045F005E533A /* FavoritesView.swift */; };
		0B39F61C2AA0046E005E533A /* NewRecipeView.swift in Sources */ = {isa = PBXBuildFile; fileRef = 0B39F61B2AA0046E005E533A /* NewRecipeView.swift */; };
		0B39F61E2AA0047D005E533A /* SettingsView.swift in Sources */ = {isa = PBXBuildFile; fileRef = 0B39F61D2AA0047D005E533A /* SettingsView.swift */; };
		0B39F6212AA01181005E533A /* DetailRecipeView.swift in Sources */ = {isa = PBXBuildFile; fileRef = 0B39F6202AA01181005E533A /* DetailRecipeView.swift */; };
/* End PBXBuildFile section */

/* Begin PBXContainerItemProxy section */
		0B39F5F32A9ED1A7005E533A /* PBXContainerItemProxy */ = {
			isa = PBXContainerItemProxy;
			containerPortal = 0B39F5DA2A9ED1A6005E533A /* Project object */;
			proxyType = 1;
			remoteGlobalIDString = 0B39F5E12A9ED1A7005E533A;
			remoteInfo = DolceKeto;
		};
		0B39F5FD2A9ED1A7005E533A /* PBXContainerItemProxy */ = {
			isa = PBXContainerItemProxy;
			containerPortal = 0B39F5DA2A9ED1A6005E533A /* Project object */;
			proxyType = 1;
			remoteGlobalIDString = 0B39F5E12A9ED1A7005E533A;
			remoteInfo = DolceKeto;
		};
/* End PBXContainerItemProxy section */

/* Begin PBXFileReference section */
		0B2FF9C52AA295ED006F2E74 /* RecipeCard.swift */ = {isa = PBXFileReference; lastKnownFileType = sourcecode.swift; path = RecipeCard.swift; sourceTree = "<group>"; };
		0B2FF9C72AA29B77006F2E74 /* RecipeList.swift */ = {isa = PBXFileReference; lastKnownFileType = sourcecode.swift; path = RecipeList.swift; sourceTree = "<group>"; };
		0B2FF9CB2AA92864006F2E74 /* AddRecipeView.swift */ = {isa = PBXFileReference; lastKnownFileType = sourcecode.swift; path = AddRecipeView.swift; sourceTree = "<group>"; };
		0B2FF9CD2AA93758006F2E74 /* RecipesViewModel.swift */ = {isa = PBXFileReference; lastKnownFileType = sourcecode.swift; path = RecipesViewModel.swift; sourceTree = "<group>"; };
		0B39F5E22A9ED1A7005E533A /* DolceKeto.app */ = {isa = PBXFileReference; explicitFileType = wrapper.application; includeInIndex = 0; path = DolceKeto.app; sourceTree = BUILT_PRODUCTS_DIR; };
		0B39F5E52A9ED1A7005E533A /* DolceKetoApp.swift */ = {isa = PBXFileReference; lastKnownFileType = sourcecode.swift; path = DolceKetoApp.swift; sourceTree = "<group>"; };
		0B39F5E72A9ED1A7005E533A /* ContentView.swift */ = {isa = PBXFileReference; lastKnownFileType = sourcecode.swift; path = ContentView.swift; sourceTree = "<group>"; };
		0B39F5E92A9ED1A7005E533A /* Assets.xcassets */ = {isa = PBXFileReference; lastKnownFileType = folder.assetcatalog; path = Assets.xcassets; sourceTree = "<group>"; };
		0B39F5EC2A9ED1A7005E533A /* Preview Assets.xcassets */ = {isa = PBXFileReference; lastKnownFileType = folder.assetcatalog; path = "Preview Assets.xcassets"; sourceTree = "<group>"; };
		0B39F5F22A9ED1A7005E533A /* DolceKetoTests.xctest */ = {isa = PBXFileReference; explicitFileType = wrapper.cfbundle; includeInIndex = 0; path = DolceKetoTests.xctest; sourceTree = BUILT_PRODUCTS_DIR; };
		0B39F5F62A9ED1A7005E533A /* DolceKetoTests.swift */ = {isa = PBXFileReference; lastKnownFileType = sourcecode.swift; path = DolceKetoTests.swift; sourceTree = "<group>"; };
		0B39F5FC2A9ED1A7005E533A /* DolceKetoUITests.xctest */ = {isa = PBXFileReference; explicitFileType = wrapper.cfbundle; includeInIndex = 0; path = DolceKetoUITests.xctest; sourceTree = BUILT_PRODUCTS_DIR; };
		0B39F6002A9ED1A7005E533A /* DolceKetoUITests.swift */ = {isa = PBXFileReference; lastKnownFileType = sourcecode.swift; path = DolceKetoUITests.swift; sourceTree = "<group>"; };
		0B39F6022A9ED1A7005E533A /* DolceKetoUITestsLaunchTests.swift */ = {isa = PBXFileReference; lastKnownFileType = sourcecode.swift; path = DolceKetoUITestsLaunchTests.swift; sourceTree = "<group>"; };
		0B39F6122A9ED570005E533A /* Recipe.swift */ = {isa = PBXFileReference; lastKnownFileType = sourcecode.swift; path = Recipe.swift; sourceTree = "<group>"; };
		0B39F6152AA00379005E533A /* TabBar.swift */ = {isa = PBXFileReference; lastKnownFileType = sourcecode.swift; path = TabBar.swift; sourceTree = "<group>"; };
		0B39F6172AA0044D005E533A /* HomeView.swift */ = {isa = PBXFileReference; lastKnownFileType = sourcecode.swift; path = HomeView.swift; sourceTree = "<group>"; };
		0B39F6192AA0045F005E533A /* FavoritesView.swift */ = {isa = PBXFileReference; lastKnownFileType = sourcecode.swift; path = FavoritesView.swift; sourceTree = "<group>"; };
		0B39F61B2AA0046E005E533A /* NewRecipeView.swift */ = {isa = PBXFileReference; lastKnownFileType = sourcecode.swift; path = NewRecipeView.swift; sourceTree = "<group>"; };
		0B39F61D2AA0047D005E533A /* SettingsView.swift */ = {isa = PBXFileReference; lastKnownFileType = sourcecode.swift; path = SettingsView.swift; sourceTree = "<group>"; };
		0B39F6202AA01181005E533A /* DetailRecipeView.swift */ = {isa = PBXFileReference; lastKnownFileType = sourcecode.swift; path = DetailRecipeView.swift; sourceTree = "<group>"; };
/* End PBXFileReference section */

/* Begin PBXFrameworksBuildPhase section */
		0B39F5DF2A9ED1A7005E533A /* Frameworks */ = {
			isa = PBXFrameworksBuildPhase;
			buildActionMask = 2147483647;
			files = (
			);
			runOnlyForDeploymentPostprocessing = 0;
		};
		0B39F5EF2A9ED1A7005E533A /* Frameworks */ = {
			isa = PBXFrameworksBuildPhase;
			buildActionMask = 2147483647;
			files = (
			);
			runOnlyForDeploymentPostprocessing = 0;
		};
		0B39F5F92A9ED1A7005E533A /* Frameworks */ = {
			isa = PBXFrameworksBuildPhase;
			buildActionMask = 2147483647;
			files = (
			);
			runOnlyForDeploymentPostprocessing = 0;
		};
/* End PBXFrameworksBuildPhase section */

/* Begin PBXGroup section */
		0B39F5D92A9ED1A6005E533A = {
			isa = PBXGroup;
			children = (
				0B39F5E42A9ED1A7005E533A /* DolceKeto */,
				0B39F5F52A9ED1A7005E533A /* DolceKetoTests */,
				0B39F5FF2A9ED1A7005E533A /* DolceKetoUITests */,
				0B39F5E32A9ED1A7005E533A /* Products */,
			);
			sourceTree = "<group>";
		};
		0B39F5E32A9ED1A7005E533A /* Products */ = {
			isa = PBXGroup;
			children = (
				0B39F5E22A9ED1A7005E533A /* DolceKeto.app */,
				0B39F5F22A9ED1A7005E533A /* DolceKetoTests.xctest */,
				0B39F5FC2A9ED1A7005E533A /* DolceKetoUITests.xctest */,
			);
			name = Products;
			sourceTree = "<group>";
		};
		0B39F5E42A9ED1A7005E533A /* DolceKeto */ = {
			isa = PBXGroup;
			children = (
				0B39F5E52A9ED1A7005E533A /* DolceKetoApp.swift */,
				0B39F60F2A9ED203005E533A /* Model */,
				0B39F6112A9ED219005E533A /* View */,
				0B39F6102A9ED211005E533A /* ViewModel */,
				0B39F5E92A9ED1A7005E533A /* Assets.xcassets */,
				0B39F5EB2A9ED1A7005E533A /* Preview Content */,
			);
			path = DolceKeto;
			sourceTree = "<group>";
		};
		0B39F5EB2A9ED1A7005E533A /* Preview Content */ = {
			isa = PBXGroup;
			children = (
				0B39F5EC2A9ED1A7005E533A /* Preview Assets.xcassets */,
			);
			path = "Preview Content";
			sourceTree = "<group>";
		};
		0B39F5F52A9ED1A7005E533A /* DolceKetoTests */ = {
			isa = PBXGroup;
			children = (
				0B39F5F62A9ED1A7005E533A /* DolceKetoTests.swift */,
			);
			path = DolceKetoTests;
			sourceTree = "<group>";
		};
		0B39F5FF2A9ED1A7005E533A /* DolceKetoUITests */ = {
			isa = PBXGroup;
			children = (
				0B39F6002A9ED1A7005E533A /* DolceKetoUITests.swift */,
				0B39F6022A9ED1A7005E533A /* DolceKetoUITestsLaunchTests.swift */,
			);
			path = DolceKetoUITests;
			sourceTree = "<group>";
		};
		0B39F60F2A9ED203005E533A /* Model */ = {
			isa = PBXGroup;
			children = (
				0B39F6122A9ED570005E533A /* Recipe.swift */,
			);
			path = Model;
			sourceTree = "<group>";
		};
		0B39F6102A9ED211005E533A /* ViewModel */ = {
			isa = PBXGroup;
			children = (
				0B2FF9CD2AA93758006F2E74 /* RecipesViewModel.swift */,
			);
			path = ViewModel;
			sourceTree = "<group>";
		};
		0B39F6112A9ED219005E533A /* View */ = {
			isa = PBXGroup;
			children = (
				0B39F61F2AA010C7005E533A /* Components */,
				0B39F6142AA00363005E533A /* Main */,
			);
			path = View;
			sourceTree = "<group>";
		};
		0B39F6142AA00363005E533A /* Main */ = {
			isa = PBXGroup;
			children = (
				0B39F5E72A9ED1A7005E533A /* ContentView.swift */,
				0B39F6152AA00379005E533A /* TabBar.swift */,
				0B39F6172AA0044D005E533A /* HomeView.swift */,
				0B39F6192AA0045F005E533A /* FavoritesView.swift */,
				0B39F61B2AA0046E005E533A /* NewRecipeView.swift */,
				0B39F61D2AA0047D005E533A /* SettingsView.swift */,
			);
			path = Main;
			sourceTree = "<group>";
		};
		0B39F61F2AA010C7005E533A /* Components */ = {
			isa = PBXGroup;
			children = (
				0B39F6202AA01181005E533A /* DetailRecipeView.swift */,
				0B2FF9C52AA295ED006F2E74 /* RecipeCard.swift */,
				0B2FF9C72AA29B77006F2E74 /* RecipeList.swift */,
				0B2FF9CB2AA92864006F2E74 /* AddRecipeView.swift */,
			);
			path = Components;
			sourceTree = "<group>";
		};
/* End PBXGroup section */

/* Begin PBXNativeTarget section */
		0B39F5E12A9ED1A7005E533A /* DolceKeto */ = {
			isa = PBXNativeTarget;
			buildConfigurationList = 0B39F6062A9ED1A7005E533A /* Build configuration list for PBXNativeTarget "DolceKeto" */;
			buildPhases = (
				0B39F5DE2A9ED1A7005E533A /* Sources */,
				0B39F5DF2A9ED1A7005E533A /* Frameworks */,
				0B39F5E02A9ED1A7005E533A /* Resources */,
			);
			buildRules = (
			);
			dependencies = (
			);
			name = DolceKeto;
			productName = DolceKeto;
			productReference = 0B39F5E22A9ED1A7005E533A /* DolceKeto.app */;
			productType = "com.apple.product-type.application";
		};
		0B39F5F12A9ED1A7005E533A /* DolceKetoTests */ = {
			isa = PBXNativeTarget;
			buildConfigurationList = 0B39F6092A9ED1A7005E533A /* Build configuration list for PBXNativeTarget "DolceKetoTests" */;
			buildPhases = (
				0B39F5EE2A9ED1A7005E533A /* Sources */,
				0B39F5EF2A9ED1A7005E533A /* Frameworks */,
				0B39F5F02A9ED1A7005E533A /* Resources */,
			);
			buildRules = (
			);
			dependencies = (
				0B39F5F42A9ED1A7005E533A /* PBXTargetDependency */,
			);
			name = DolceKetoTests;
			productName = DolceKetoTests;
			productReference = 0B39F5F22A9ED1A7005E533A /* DolceKetoTests.xctest */;
			productType = "com.apple.product-type.bundle.unit-test";
		};
		0B39F5FB2A9ED1A7005E533A /* DolceKetoUITests */ = {
			isa = PBXNativeTarget;
			buildConfigurationList = 0B39F60C2A9ED1A7005E533A /* Build configuration list for PBXNativeTarget "DolceKetoUITests" */;
			buildPhases = (
				0B39F5F82A9ED1A7005E533A /* Sources */,
				0B39F5F92A9ED1A7005E533A /* Frameworks */,
				0B39F5FA2A9ED1A7005E533A /* Resources */,
			);
			buildRules = (
			);
			dependencies = (
				0B39F5FE2A9ED1A7005E533A /* PBXTargetDependency */,
			);
			name = DolceKetoUITests;
			productName = DolceKetoUITests;
			productReference = 0B39F5FC2A9ED1A7005E533A /* DolceKetoUITests.xctest */;
			productType = "com.apple.product-type.bundle.ui-testing";
		};
/* End PBXNativeTarget section */

/* Begin PBXProject section */
		0B39F5DA2A9ED1A6005E533A /* Project object */ = {
			isa = PBXProject;
			attributes = {
				BuildIndependentTargetsInParallel = 1;
				LastSwiftUpdateCheck = 1410;
				LastUpgradeCheck = 1410;
				TargetAttributes = {
					0B39F5E12A9ED1A7005E533A = {
						CreatedOnToolsVersion = 14.1;
					};
					0B39F5F12A9ED1A7005E533A = {
						CreatedOnToolsVersion = 14.1;
						TestTargetID = 0B39F5E12A9ED1A7005E533A;
					};
					0B39F5FB2A9ED1A7005E533A = {
						CreatedOnToolsVersion = 14.1;
						TestTargetID = 0B39F5E12A9ED1A7005E533A;
					};
				};
			};
			buildConfigurationList = 0B39F5DD2A9ED1A6005E533A /* Build configuration list for PBXProject "DolceKeto" */;
			compatibilityVersion = "Xcode 14.0";
			developmentRegion = en;
			hasScannedForEncodings = 0;
			knownRegions = (
				en,
				Base,
			);
			mainGroup = 0B39F5D92A9ED1A6005E533A;
			productRefGroup = 0B39F5E32A9ED1A7005E533A /* Products */;
			projectDirPath = "";
			projectRoot = "";
			targets = (
				0B39F5E12A9ED1A7005E533A /* DolceKeto */,
				0B39F5F12A9ED1A7005E533A /* DolceKetoTests */,
				0B39F5FB2A9ED1A7005E533A /* DolceKetoUITests */,
			);
		};
/* End PBXProject section */

/* Begin PBXResourcesBuildPhase section */
		0B39F5E02A9ED1A7005E533A /* Resources */ = {
			isa = PBXResourcesBuildPhase;
			buildActionMask = 2147483647;
			files = (
				0B39F5ED2A9ED1A7005E533A /* Preview Assets.xcassets in Resources */,
				0B39F5EA2A9ED1A7005E533A /* Assets.xcassets in Resources */,
			);
			runOnlyForDeploymentPostprocessing = 0;
		};
		0B39F5F02A9ED1A7005E533A /* Resources */ = {
			isa = PBXResourcesBuildPhase;
			buildActionMask = 2147483647;
			files = (
			);
			runOnlyForDeploymentPostprocessing = 0;
		};
		0B39F5FA2A9ED1A7005E533A /* Resources */ = {
			isa = PBXResourcesBuildPhase;
			buildActionMask = 2147483647;
			files = (
			);
			runOnlyForDeploymentPostprocessing = 0;
		};
/* End PBXResourcesBuildPhase section */

/* Begin PBXSourcesBuildPhase section */
		0B39F5DE2A9ED1A7005E533A /* Sources */ = {
			isa = PBXSourcesBuildPhase;
			buildActionMask = 2147483647;
			files = (
				0B39F6132A9ED570005E533A /* Recipe.swift in Sources */,
				0B2FF9C62AA295ED006F2E74 /* RecipeCard.swift in Sources */,
				0B2FF9CC2AA92864006F2E74 /* AddRecipeView.swift in Sources */,
				0B2FF9CE2AA93758006F2E74 /* RecipesViewModel.swift in Sources */,
				0B39F61E2AA0047D005E533A /* SettingsView.swift in Sources */,
				0B39F5E82A9ED1A7005E533A /* ContentView.swift in Sources */,
				0B39F61A2AA0045F005E533A /* FavoritesView.swift in Sources */,
				0B39F5E62A9ED1A7005E533A /* DolceKetoApp.swift in Sources */,
				0B2FF9C82AA29B77006F2E74 /* RecipeList.swift in Sources */,
				0B39F61C2AA0046E005E533A /* NewRecipeView.swift in Sources */,
				0B39F6212AA01181005E533A /* DetailRecipeView.swift in Sources */,
				0B39F6182AA0044D005E533A /* HomeView.swift in Sources */,
				0B39F6162AA00379005E533A /* TabBar.swift in Sources */,
			);
			runOnlyForDeploymentPostprocessing = 0;
		};
		0B39F5EE2A9ED1A7005E533A /* Sources */ = {
			isa = PBXSourcesBuildPhase;
			buildActionMask = 2147483647;
			files = (
				0B39F5F72A9ED1A7005E533A /* DolceKetoTests.swift in Sources */,
			);
			runOnlyForDeploymentPostprocessing = 0;
		};
		0B39F5F82A9ED1A7005E533A /* Sources */ = {
			isa = PBXSourcesBuildPhase;
			buildActionMask = 2147483647;
			files = (
				0B39F6012A9ED1A7005E533A /* DolceKetoUITests.swift in Sources */,
				0B39F6032A9ED1A7005E533A /* DolceKetoUITestsLaunchTests.swift in Sources */,
			);
			runOnlyForDeploymentPostprocessing = 0;
		};
/* End PBXSourcesBuildPhase section */

/* Begin PBXTargetDependency section */
		0B39F5F42A9ED1A7005E533A /* PBXTargetDependency */ = {
			isa = PBXTargetDependency;
			target = 0B39F5E12A9ED1A7005E533A /* DolceKeto */;
			targetProxy = 0B39F5F32A9ED1A7005E533A /* PBXContainerItemProxy */;
		};
		0B39F5FE2A9ED1A7005E533A /* PBXTargetDependency */ = {
			isa = PBXTargetDependency;
			target = 0B39F5E12A9ED1A7005E533A /* DolceKeto */;
			targetProxy = 0B39F5FD2A9ED1A7005E533A /* PBXContainerItemProxy */;
		};
/* End PBXTargetDependency section */

/* Begin XCBuildConfiguration section */
		0B39F6042A9ED1A7005E533A /* Debug */ = {
			isa = XCBuildConfiguration;
			buildSettings = {
				ALWAYS_SEARCH_USER_PATHS = NO;
				CLANG_ANALYZER_NONNULL = YES;
				CLANG_ANALYZER_NUMBER_OBJECT_CONVERSION = YES_AGGRESSIVE;
				CLANG_CXX_LANGUAGE_STANDARD = "gnu++20";
				CLANG_ENABLE_MODULES = YES;
				CLANG_ENABLE_OBJC_ARC = YES;
				CLANG_ENABLE_OBJC_WEAK = YES;
				CLANG_WARN_BLOCK_CAPTURE_AUTORELEASING = YES;
				CLANG_WARN_BOOL_CONVERSION = YES;
				CLANG_WARN_COMMA = YES;
				CLANG_WARN_CONSTANT_CONVERSION = YES;
				CLANG_WARN_DEPRECATED_OBJC_IMPLEMENTATIONS = YES;
				CLANG_WARN_DIRECT_OBJC_ISA_USAGE = YES_ERROR;
				CLANG_WARN_DOCUMENTATION_COMMENTS = YES;
				CLANG_WARN_EMPTY_BODY = YES;
				CLANG_WARN_ENUM_CONVERSION = YES;
				CLANG_WARN_INFINITE_RECURSION = YES;
				CLANG_WARN_INT_CONVERSION = YES;
				CLANG_WARN_NON_LITERAL_NULL_CONVERSION = YES;
				CLANG_WARN_OBJC_IMPLICIT_RETAIN_SELF = YES;
				CLANG_WARN_OBJC_LITERAL_CONVERSION = YES;
				CLANG_WARN_OBJC_ROOT_CLASS = YES_ERROR;
				CLANG_WARN_QUOTED_INCLUDE_IN_FRAMEWORK_HEADER = YES;
				CLANG_WARN_RANGE_LOOP_ANALYSIS = YES;
				CLANG_WARN_STRICT_PROTOTYPES = YES;
				CLANG_WARN_SUSPICIOUS_MOVE = YES;
				CLANG_WARN_UNGUARDED_AVAILABILITY = YES_AGGRESSIVE;
				CLANG_WARN_UNREACHABLE_CODE = YES;
				CLANG_WARN__DUPLICATE_METHOD_MATCH = YES;
				COPY_PHASE_STRIP = NO;
				DEBUG_INFORMATION_FORMAT = dwarf;
				ENABLE_STRICT_OBJC_MSGSEND = YES;
				ENABLE_TESTABILITY = YES;
				GCC_C_LANGUAGE_STANDARD = gnu11;
				GCC_DYNAMIC_NO_PIC = NO;
				GCC_NO_COMMON_BLOCKS = YES;
				GCC_OPTIMIZATION_LEVEL = 0;
				GCC_PREPROCESSOR_DEFINITIONS = (
					"DEBUG=1",
					"$(inherited)",
				);
				GCC_WARN_64_TO_32_BIT_CONVERSION = YES;
				GCC_WARN_ABOUT_RETURN_TYPE = YES_ERROR;
				GCC_WARN_UNDECLARED_SELECTOR = YES;
				GCC_WARN_UNINITIALIZED_AUTOS = YES_AGGRESSIVE;
				GCC_WARN_UNUSED_FUNCTION = YES;
				GCC_WARN_UNUSED_VARIABLE = YES;
				IPHONEOS_DEPLOYMENT_TARGET = 16.1;
				MTL_ENABLE_DEBUG_INFO = INCLUDE_SOURCE;
				MTL_FAST_MATH = YES;
				ONLY_ACTIVE_ARCH = YES;
				SDKROOT = iphoneos;
				SWIFT_ACTIVE_COMPILATION_CONDITIONS = DEBUG;
				SWIFT_OPTIMIZATION_LEVEL = "-Onone";
			};
			name = Debug;
		};
		0B39F6052A9ED1A7005E533A /* Release */ = {
			isa = XCBuildConfiguration;
			buildSettings = {
				ALWAYS_SEARCH_USER_PATHS = NO;
				CLANG_ANALYZER_NONNULL = YES;
				CLANG_ANALYZER_NUMBER_OBJECT_CONVERSION = YES_AGGRESSIVE;
				CLANG_CXX_LANGUAGE_STANDARD = "gnu++20";
				CLANG_ENABLE_MODULES = YES;
				CLANG_ENABLE_OBJC_ARC = YES;
				CLANG_ENABLE_OBJC_WEAK = YES;
				CLANG_WARN_BLOCK_CAPTURE_AUTORELEASING = YES;
				CLANG_WARN_BOOL_CONVERSION = YES;
				CLANG_WARN_COMMA = YES;
				CLANG_WARN_CONSTANT_CONVERSION = YES;
				CLANG_WARN_DEPRECATED_OBJC_IMPLEMENTATIONS = YES;
				CLANG_WARN_DIRECT_OBJC_ISA_USAGE = YES_ERROR;
				CLANG_WARN_DOCUMENTATION_COMMENTS = YES;
				CLANG_WARN_EMPTY_BODY = YES;
				CLANG_WARN_ENUM_CONVERSION = YES;
				CLANG_WARN_INFINITE_RECURSION = YES;
				CLANG_WARN_INT_CONVERSION = YES;
				CLANG_WARN_NON_LITERAL_NULL_CONVERSION = YES;
				CLANG_WARN_OBJC_IMPLICIT_RETAIN_SELF = YES;
				CLANG_WARN_OBJC_LITERAL_CONVERSION = YES;
				CLANG_WARN_OBJC_ROOT_CLASS = YES_ERROR;
				CLANG_WARN_QUOTED_INCLUDE_IN_FRAMEWORK_HEADER = YES;
				CLANG_WARN_RANGE_LOOP_ANALYSIS = YES;
				CLANG_WARN_STRICT_PROTOTYPES = YES;
				CLANG_WARN_SUSPICIOUS_MOVE = YES;
				CLANG_WARN_UNGUARDED_AVAILABILITY = YES_AGGRESSIVE;
				CLANG_WARN_UNREACHABLE_CODE = YES;
				CLANG_WARN__DUPLICATE_METHOD_MATCH = YES;
				COPY_PHASE_STRIP = NO;
				DEBUG_INFORMATION_FORMAT = "dwarf-with-dsym";
				ENABLE_NS_ASSERTIONS = NO;
				ENABLE_STRICT_OBJC_MSGSEND = YES;
				GCC_C_LANGUAGE_STANDARD = gnu11;
				GCC_NO_COMMON_BLOCKS = YES;
				GCC_WARN_64_TO_32_BIT_CONVERSION = YES;
				GCC_WARN_ABOUT_RETURN_TYPE = YES_ERROR;
				GCC_WARN_UNDECLARED_SELECTOR = YES;
				GCC_WARN_UNINITIALIZED_AUTOS = YES_AGGRESSIVE;
				GCC_WARN_UNUSED_FUNCTION = YES;
				GCC_WARN_UNUSED_VARIABLE = YES;
				IPHONEOS_DEPLOYMENT_TARGET = 16.1;
				MTL_ENABLE_DEBUG_INFO = NO;
				MTL_FAST_MATH = YES;
				SDKROOT = iphoneos;
				SWIFT_COMPILATION_MODE = wholemodule;
				SWIFT_OPTIMIZATION_LEVEL = "-O";
				VALIDATE_PRODUCT = YES;
			};
			name = Release;
		};
		0B39F6072A9ED1A7005E533A /* Debug */ = {
			isa = XCBuildConfiguration;
			buildSettings = {
				ASSETCATALOG_COMPILER_APPICON_NAME = AppIcon;
				ASSETCATALOG_COMPILER_GLOBAL_ACCENT_COLOR_NAME = AccentColor;
				CODE_SIGN_STYLE = Automatic;
				CURRENT_PROJECT_VERSION = 1;
				DEVELOPMENT_ASSET_PATHS = "\"DolceKeto/Preview Content\"";
				DEVELOPMENT_TEAM = U8MNSC9Z3Z;
				ENABLE_PREVIEWS = YES;
				GENERATE_INFOPLIST_FILE = YES;
				INFOPLIST_KEY_UIApplicationSceneManifest_Generation = YES;
				INFOPLIST_KEY_UIApplicationSupportsIndirectInputEvents = YES;
				INFOPLIST_KEY_UILaunchScreen_Generation = YES;
				INFOPLIST_KEY_UISupportedInterfaceOrientations_iPad = "UIInterfaceOrientationPortrait UIInterfaceOrientationPortraitUpsideDown UIInterfaceOrientationLandscapeLeft UIInterfaceOrientationLandscapeRight";
				INFOPLIST_KEY_UISupportedInterfaceOrientations_iPhone = "UIInterfaceOrientationPortrait UIInterfaceOrientationLandscapeLeft UIInterfaceOrientationLandscapeRight";
				LD_RUNPATH_SEARCH_PATHS = (
					"$(inherited)",
					"@executable_path/Frameworks",
				);
				MARKETING_VERSION = 1.0;
				PRODUCT_BUNDLE_IDENTIFIER = com.aris.DolceKeto;
				PRODUCT_NAME = "$(TARGET_NAME)";
				SWIFT_EMIT_LOC_STRINGS = YES;
				SWIFT_VERSION = 5.0;
				TARGETED_DEVICE_FAMILY = "1,2";
			};
			name = Debug;
		};
		0B39F6082A9ED1A7005E533A /* Release */ = {
			isa = XCBuildConfiguration;
			buildSettings = {
				ASSETCATALOG_COMPILER_APPICON_NAME = AppIcon;
				ASSETCATALOG_COMPILER_GLOBAL_ACCENT_COLOR_NAME = AccentColor;
				CODE_SIGN_STYLE = Automatic;
				CURRENT_PROJECT_VERSION = 1;
				DEVELOPMENT_ASSET_PATHS = "\"DolceKeto/Preview Content\"";
				DEVELOPMENT_TEAM = U8MNSC9Z3Z;
				ENABLE_PREVIEWS = YES;
				GENERATE_INFOPLIST_FILE = YES;
				INFOPLIST_KEY_UIApplicationSceneManifest_Generation = YES;
				INFOPLIST_KEY_UIApplicationSupportsIndirectInputEvents = YES;
				INFOPLIST_KEY_UILaunchScreen_Generation = YES;
				INFOPLIST_KEY_UISupportedInterfaceOrientations_iPad = "UIInterfaceOrientationPortrait UIInterfaceOrientationPortraitUpsideDown UIInterfaceOrientationLandscapeLeft UIInterfaceOrientationLandscapeRight";
				INFOPLIST_KEY_UISupportedInterfaceOrientations_iPhone = "UIInterfaceOrientationPortrait UIInterfaceOrientationLandscapeLeft UIInterfaceOrientationLandscapeRight";
				LD_RUNPATH_SEARCH_PATHS = (
					"$(inherited)",
					"@executable_path/Frameworks",
				);
				MARKETING_VERSION = 1.0;
				PRODUCT_BUNDLE_IDENTIFIER = com.aris.DolceKeto;
				PRODUCT_NAME = "$(TARGET_NAME)";
				SWIFT_EMIT_LOC_STRINGS = YES;
				SWIFT_VERSION = 5.0;
				TARGETED_DEVICE_FAMILY = "1,2";
			};
			name = Release;
		};
		0B39F60A2A9ED1A7005E533A /* Debug */ = {
			isa = XCBuildConfiguration;
			buildSettings = {
				ALWAYS_EMBED_SWIFT_STANDARD_LIBRARIES = YES;
				BUNDLE_LOADER = "$(TEST_HOST)";
				CODE_SIGN_STYLE = Automatic;
				CURRENT_PROJECT_VERSION = 1;
				DEVELOPMENT_TEAM = U8MNSC9Z3Z;
				GENERATE_INFOPLIST_FILE = YES;
				IPHONEOS_DEPLOYMENT_TARGET = 16.1;
				MARKETING_VERSION = 1.0;
				PRODUCT_BUNDLE_IDENTIFIER = com.aris.DolceKetoTests;
				PRODUCT_NAME = "$(TARGET_NAME)";
				SWIFT_EMIT_LOC_STRINGS = NO;
				SWIFT_VERSION = 5.0;
				TARGETED_DEVICE_FAMILY = "1,2";
				TEST_HOST = "$(BUILT_PRODUCTS_DIR)/DolceKeto.app/$(BUNDLE_EXECUTABLE_FOLDER_PATH)/DolceKeto";
			};
			name = Debug;
		};
		0B39F60B2A9ED1A7005E533A /* Release */ = {
			isa = XCBuildConfiguration;
			buildSettings = {
				ALWAYS_EMBED_SWIFT_STANDARD_LIBRARIES = YES;
				BUNDLE_LOADER = "$(TEST_HOST)";
				CODE_SIGN_STYLE = Automatic;
				CURRENT_PROJECT_VERSION = 1;
				DEVELOPMENT_TEAM = U8MNSC9Z3Z;
				GENERATE_INFOPLIST_FILE = YES;
				IPHONEOS_DEPLOYMENT_TARGET = 16.1;
				MARKETING_VERSION = 1.0;
				PRODUCT_BUNDLE_IDENTIFIER = com.aris.DolceKetoTests;
				PRODUCT_NAME = "$(TARGET_NAME)";
				SWIFT_EMIT_LOC_STRINGS = NO;
				SWIFT_VERSION = 5.0;
				TARGETED_DEVICE_FAMILY = "1,2";
				TEST_HOST = "$(BUILT_PRODUCTS_DIR)/DolceKeto.app/$(BUNDLE_EXECUTABLE_FOLDER_PATH)/DolceKeto";
			};
			name = Release;
		};
		0B39F60D2A9ED1A7005E533A /* Debug */ = {
			isa = XCBuildConfiguration;
			buildSettings = {
				ALWAYS_EMBED_SWIFT_STANDARD_LIBRARIES = YES;
				CODE_SIGN_STYLE = Automatic;
				CURRENT_PROJECT_VERSION = 1;
				DEVELOPMENT_TEAM = U8MNSC9Z3Z;
				GENERATE_INFOPLIST_FILE = YES;
				MARKETING_VERSION = 1.0;
				PRODUCT_BUNDLE_IDENTIFIER = com.aris.DolceKetoUITests;
				PRODUCT_NAME = "$(TARGET_NAME)";
				SWIFT_EMIT_LOC_STRINGS = NO;
				SWIFT_VERSION = 5.0;
				TARGETED_DEVICE_FAMILY = "1,2";
				TEST_TARGET_NAME = DolceKeto;
			};
			name = Debug;
		};
		0B39F60E2A9ED1A7005E533A /* Release */ = {
			isa = XCBuildConfiguration;
			buildSettings = {
				ALWAYS_EMBED_SWIFT_STANDARD_LIBRARIES = YES;
				CODE_SIGN_STYLE = Automatic;
				CURRENT_PROJECT_VERSION = 1;
				DEVELOPMENT_TEAM = U8MNSC9Z3Z;
				GENERATE_INFOPLIST_FILE = YES;
				MARKETING_VERSION = 1.0;
				PRODUCT_BUNDLE_IDENTIFIER = com.aris.DolceKetoUITests;
				PRODUCT_NAME = "$(TARGET_NAME)";
				SWIFT_EMIT_LOC_STRINGS = NO;
				SWIFT_VERSION = 5.0;
				TARGETED_DEVICE_FAMILY = "1,2";
				TEST_TARGET_NAME = DolceKeto;
			};
			name = Release;
		};
/* End XCBuildConfiguration section */

/* Begin XCConfigurationList section */
		0B39F5DD2A9ED1A6005E533A /* Build configuration list for PBXProject "DolceKeto" */ = {
			isa = XCConfigurationList;
			buildConfigurations = (
				0B39F6042A9ED1A7005E533A /* Debug */,
				0B39F6052A9ED1A7005E533A /* Release */,
			);
			defaultConfigurationIsVisible = 0;
			defaultConfigurationName = Release;
		};
		0B39F6062A9ED1A7005E533A /* Build configuration list for PBXNativeTarget "DolceKeto" */ = {
			isa = XCConfigurationList;
			buildConfigurations = (
				0B39F6072A9ED1A7005E533A /* Debug */,
				0B39F6082A9ED1A7005E533A /* Release */,
			);
			defaultConfigurationIsVisible = 0;
			defaultConfigurationName = Release;
		};
		0B39F6092A9ED1A7005E533A /* Build configuration list for PBXNativeTarget "DolceKetoTests" */ = {
			isa = XCConfigurationList;
			buildConfigurations = (
				0B39F60A2A9ED1A7005E533A /* Debug */,
				0B39F60B2A9ED1A7005E533A /* Release */,
			);
			defaultConfigurationIsVisible = 0;
			defaultConfigurationName = Release;
		};
		0B39F60C2A9ED1A7005E533A /* Build configuration list for PBXNativeTarget "DolceKetoUITests" */ = {
			isa = XCConfigurationList;
			buildConfigurations = (
				0B39F60D2A9ED1A7005E533A /* Debug */,
				0B39F60E2A9ED1A7005E533A /* Release */,
			);
			defaultConfigurationIsVisible = 0;
			defaultConfigurationName = Release;
		};
/* End XCConfigurationList section */
	};
	rootObject = 0B39F5DA2A9ED1A6005E533A /* Project object */;
}
